# THIS IS AN AUTOGENERATED FILE. DO NOT EDIT THIS FILE DIRECTLY.
# yarn lockfile v1


left-pad@^1.2.0:
  version "1.2.0"
  resolved "https://registry.yarnpkg.com/left-pad/-/left-pad-1.2.0.tgz#d30a73c6b8201d8f7d8e7956ba9616087a68e0ee"

right-pad@^1.0.1:
  version "1.0.1"
  resolved "https://registry.yarnpkg.com/right-pad/-/right-pad-1.0.1.tgz#8ca08c2cbb5b55e74dafa96bf7fd1a27d568c8d0"
